// !$*UTF8*$!
{
	archiveVersion = 1;
	classes = {
	};
	objectVersion = 46;
	objects = {

/* Begin PBXBuildFile section */
		8A8AFA021F2D036D00F6C99F /* AppDelegate.swift in Sources */ = {isa = PBXBuildFile; fileRef = 8A8AFA011F2D036D00F6C99F /* AppDelegate.swift */; };
		8A8AFA041F2D036D00F6C99F /* ViewController.swift in Sources */ = {isa = PBXBuildFile; fileRef = 8A8AFA031F2D036D00F6C99F /* ViewController.swift */; };
		8A8AFA071F2D036D00F6C99F /* Main.storyboard in Resources */ = {isa = PBXBuildFile; fileRef = 8A8AFA051F2D036D00F6C99F /* Main.storyboard */; };
		8A8AFA091F2D036D00F6C99F /* Assets.xcassets in Resources */ = {isa = PBXBuildFile; fileRef = 8A8AFA081F2D036D00F6C99F /* Assets.xcassets */; };
		8A8AFA0C1F2D036D00F6C99F /* LaunchScreen.storyboard in Resources */ = {isa = PBXBuildFile; fileRef = 8A8AFA0A1F2D036D00F6C99F /* LaunchScreen.storyboard */; };
		8A8AFA171F2D036D00F6C99F /* Test_ImagesTests.swift in Sources */ = {isa = PBXBuildFile; fileRef = 8A8AFA161F2D036D00F6C99F /* Test_ImagesTests.swift */; };
		8A8AFA221F2D036D00F6C99F /* Test_ImagesUITests.swift in Sources */ = {isa = PBXBuildFile; fileRef = 8A8AFA211F2D036D00F6C99F /* Test_ImagesUITests.swift */; };
/* End PBXBuildFile section */

/* Begin PBXContainerItemProxy section */
		8A8AFA131F2D036D00F6C99F /* PBXContainerItemProxy */ = {
			isa = PBXContainerItemProxy;
			containerPortal = 8A8AF9F61F2D036D00F6C99F /* Project object */;
			proxyType = 1;
			remoteGlobalIDString = 8A8AF9FD1F2D036D00F6C99F;
			remoteInfo = "Test-Images";
		};
		8A8AFA1E1F2D036D00F6C99F /* PBXContainerItemProxy */ = {
			isa = PBXContainerItemProxy;
			containerPortal = 8A8AF9F61F2D036D00F6C99F /* Project object */;
			proxyType = 1;
			remoteGlobalIDString = 8A8AF9FD1F2D036D00F6C99F;
			remoteInfo = "Test-Images";
		};
/* End PBXContainerItemProxy section */

/* Begin PBXFileReference section */
		8A8AF9FE1F2D036D00F6C99F /* Test-Images.app */ = {isa = PBXFileReference; explicitFileType = wrapper.application; includeInIndex = 0; path = "Test-Images.app"; sourceTree = BUILT_PRODUCTS_DIR; };
		8A8AFA011F2D036D00F6C99F /* AppDelegate.swift */ = {isa = PBXFileReference; lastKnownFileType = sourcecode.swift; path = AppDelegate.swift; sourceTree = "<group>"; };
		8A8AFA031F2D036D00F6C99F /* ViewController.swift */ = {isa = PBXFileReference; lastKnownFileType = sourcecode.swift; path = ViewController.swift; sourceTree = "<group>"; };
		8A8AFA061F2D036D00F6C99F /* Base */ = {isa = PBXFileReference; lastKnownFileType = file.storyboard; name = Base; path = Base.lproj/Main.storyboard; sourceTree = "<group>"; };
		8A8AFA081F2D036D00F6C99F /* Assets.xcassets */ = {isa = PBXFileReference; lastKnownFileType = folder.assetcatalog; path = Assets.xcassets; sourceTree = "<group>"; };
		8A8AFA0B1F2D036D00F6C99F /* Base */ = {isa = PBXFileReference; lastKnownFileType = file.storyboard; name = Base; path = Base.lproj/LaunchScreen.storyboard; sourceTree = "<group>"; };
		8A8AFA0D1F2D036D00F6C99F /* Info.plist */ = {isa = PBXFileReference; lastKnownFileType = text.plist.xml; path = Info.plist; sourceTree = "<group>"; };
		8A8AFA121F2D036D00F6C99F /* Test-ImagesTests.xctest */ = {isa = PBXFileReference; explicitFileType = wrapper.cfbundle; includeInIndex = 0; path = "Test-ImagesTests.xctest"; sourceTree = BUILT_PRODUCTS_DIR; };
		8A8AFA161F2D036D00F6C99F /* Test_ImagesTests.swift */ = {isa = PBXFileReference; lastKnownFileType = sourcecode.swift; path = Test_ImagesTests.swift; sourceTree = "<group>"; };
		8A8AFA181F2D036D00F6C99F /* Info.plist */ = {isa = PBXFileReference; lastKnownFileType = text.plist.xml; path = Info.plist; sourceTree = "<group>"; };
		8A8AFA1D1F2D036D00F6C99F /* Test-ImagesUITests.xctest */ = {isa = PBXFileReference; explicitFileType = wrapper.cfbundle; includeInIndex = 0; path = "Test-ImagesUITests.xctest"; sourceTree = BUILT_PRODUCTS_DIR; };
		8A8AFA211F2D036D00F6C99F /* Test_ImagesUITests.swift */ = {isa = PBXFileReference; lastKnownFileType = sourcecode.swift; path = Test_ImagesUITests.swift; sourceTree = "<group>"; };
		8A8AFA231F2D036D00F6C99F /* Info.plist */ = {isa = PBXFileReference; lastKnownFileType = text.plist.xml; path = Info.plist; sourceTree = "<group>"; };
/* End PBXFileReference section */

/* Begin PBXFrameworksBuildPhase section */
		8A8AF9FB1F2D036D00F6C99F /* Frameworks */ = {
			isa = PBXFrameworksBuildPhase;
			buildActionMask = 2147483647;
			files = (
			);
			runOnlyForDeploymentPostprocessing = 0;
		};
		8A8AFA0F1F2D036D00F6C99F /* Frameworks */ = {
			isa = PBXFrameworksBuildPhase;
			buildActionMask = 2147483647;
			files = (
			);
			runOnlyForDeploymentPostprocessing = 0;
		};
		8A8AFA1A1F2D036D00F6C99F /* Frameworks */ = {
			isa = PBXFrameworksBuildPhase;
			buildActionMask = 2147483647;
			files = (
			);
			runOnlyForDeploymentPostprocessing = 0;
		};
/* End PBXFrameworksBuildPhase section */

/* Begin PBXGroup section */
		8A8AF9F51F2D036D00F6C99F = {
			isa = PBXGroup;
			children = (
				8A8AFA001F2D036D00F6C99F /* Test-Images */,
				8A8AFA151F2D036D00F6C99F /* Test-ImagesTests */,
				8A8AFA201F2D036D00F6C99F /* Test-ImagesUITests */,
				8A8AF9FF1F2D036D00F6C99F /* Products */,
			);
			sourceTree = "<group>";
		};
		8A8AF9FF1F2D036D00F6C99F /* Products */ = {
			isa = PBXGroup;
			children = (
				8A8AF9FE1F2D036D00F6C99F /* Test-Images.app */,
				8A8AFA121F2D036D00F6C99F /* Test-ImagesTests.xctest */,
				8A8AFA1D1F2D036D00F6C99F /* Test-ImagesUITests.xctest */,
			);
			name = Products;
			sourceTree = "<group>";
		};
		8A8AFA001F2D036D00F6C99F /* Test-Images */ = {
			isa = PBXGroup;
			children = (
				8A8AFA011F2D036D00F6C99F /* AppDelegate.swift */,
				8A8AFA031F2D036D00F6C99F /* ViewController.swift */,
				8A8AFA051F2D036D00F6C99F /* Main.storyboard */,
				8A8AFA081F2D036D00F6C99F /* Assets.xcassets */,
				8A8AFA0A1F2D036D00F6C99F /* LaunchScreen.storyboard */,
				8A8AFA0D1F2D036D00F6C99F /* Info.plist */,
			);
			path = "Test-Images";
			sourceTree = "<group>";
		};
		8A8AFA151F2D036D00F6C99F /* Test-ImagesTests */ = {
			isa = PBXGroup;
			children = (
				8A8AFA161F2D036D00F6C99F /* Test_ImagesTests.swift */,
				8A8AFA181F2D036D00F6C99F /* Info.plist */,
			);
			path = "Test-ImagesTests";
			sourceTree = "<group>";
		};
		8A8AFA201F2D036D00F6C99F /* Test-ImagesUITests */ = {
			isa = PBXGroup;
			children = (
				8A8AFA211F2D036D00F6C99F /* Test_ImagesUITests.swift */,
				8A8AFA231F2D036D00F6C99F /* Info.plist */,
			);
			path = "Test-ImagesUITests";
			sourceTree = "<group>";
		};
/* End PBXGroup section */

/* Begin PBXNativeTarget section */
		8A8AF9FD1F2D036D00F6C99F /* Test-Images */ = {
			isa = PBXNativeTarget;
			buildConfigurationList = 8A8AFA261F2D036D00F6C99F /* Build configuration list for PBXNativeTarget "Test-Images" */;
			buildPhases = (
				8A8AF9FA1F2D036D00F6C99F /* Sources */,
				8A8AF9FB1F2D036D00F6C99F /* Frameworks */,
				8A8AF9FC1F2D036D00F6C99F /* Resources */,
			);
			buildRules = (
			);
			dependencies = (
			);
			name = "Test-Images";
			productName = "Test-Images";
			productReference = 8A8AF9FE1F2D036D00F6C99F /* Test-Images.app */;
			productType = "com.apple.product-type.application";
		};
		8A8AFA111F2D036D00F6C99F /* Test-ImagesTests */ = {
			isa = PBXNativeTarget;
			buildConfigurationList = 8A8AFA291F2D036D00F6C99F /* Build configuration list for PBXNativeTarget "Test-ImagesTests" */;
			buildPhases = (
				8A8AFA0E1F2D036D00F6C99F /* Sources */,
				8A8AFA0F1F2D036D00F6C99F /* Frameworks */,
				8A8AFA101F2D036D00F6C99F /* Resources */,
			);
			buildRules = (
			);
			dependencies = (
				8A8AFA141F2D036D00F6C99F /* PBXTargetDependency */,
			);
			name = "Test-ImagesTests";
			productName = "Test-ImagesTests";
			productReference = 8A8AFA121F2D036D00F6C99F /* Test-ImagesTests.xctest */;
			productType = "com.apple.product-type.bundle.unit-test";
		};
		8A8AFA1C1F2D036D00F6C99F /* Test-ImagesUITests */ = {
			isa = PBXNativeTarget;
			buildConfigurationList = 8A8AFA2C1F2D036D00F6C99F /* Build configuration list for PBXNativeTarget "Test-ImagesUITests" */;
			buildPhases = (
				8A8AFA191F2D036D00F6C99F /* Sources */,
				8A8AFA1A1F2D036D00F6C99F /* Frameworks */,
				8A8AFA1B1F2D036D00F6C99F /* Resources */,
			);
			buildRules = (
			);
			dependencies = (
				8A8AFA1F1F2D036D00F6C99F /* PBXTargetDependency */,
			);
			name = "Test-ImagesUITests";
			productName = "Test-ImagesUITests";
			productReference = 8A8AFA1D1F2D036D00F6C99F /* Test-ImagesUITests.xctest */;
			productType = "com.apple.product-type.bundle.ui-testing";
		};
/* End PBXNativeTarget section */

/* Begin PBXProject section */
		8A8AF9F61F2D036D00F6C99F /* Project object */ = {
			isa = PBXProject;
			attributes = {
				LastSwiftUpdateCheck = 0830;
				LastUpgradeCheck = 0830;
				ORGANIZATIONNAME = "Alejandro Sanchez";
				TargetAttributes = {
					8A8AF9FD1F2D036D00F6C99F = {
						CreatedOnToolsVersion = 8.3.3;
						ProvisioningStyle = Automatic;
					};
					8A8AFA111F2D036D00F6C99F = {
						CreatedOnToolsVersion = 8.3.3;
						ProvisioningStyle = Automatic;
						TestTargetID = 8A8AF9FD1F2D036D00F6C99F;
					};
					8A8AFA1C1F2D036D00F6C99F = {
						CreatedOnToolsVersion = 8.3.3;
						ProvisioningStyle = Automatic;
						TestTargetID = 8A8AF9FD1F2D036D00F6C99F;
					};
				};
			};
			buildConfigurationList = 8A8AF9F91F2D036D00F6C99F /* Build configuration list for PBXProject "Test-Images" */;
			compatibilityVersion = "Xcode 3.2";
			developmentRegion = English;
			hasScannedForEncodings = 0;
			knownRegions = (
				en,
				Base,
			);
			mainGroup = 8A8AF9F51F2D036D00F6C99F;
			productRefGroup = 8A8AF9FF1F2D036D00F6C99F /* Products */;
			projectDirPath = "";
			projectRoot = "";
			targets = (
				8A8AF9FD1F2D036D00F6C99F /* Test-Images */,
				8A8AFA111F2D036D00F6C99F /* Test-ImagesTests */,
				8A8AFA1C1F2D036D00F6C99F /* Test-ImagesUITests */,
			);
		};
/* End PBXProject section */

/* Begin PBXResourcesBuildPhase section */
		8A8AF9FC1F2D036D00F6C99F /* Resources */ = {
			isa = PBXResourcesBuildPhase;
			buildActionMask = 2147483647;
			files = (
				8A8AFA0C1F2D036D00F6C99F /* LaunchScreen.storyboard in Resources */,
				8A8AFA091F2D036D00F6C99F /* Assets.xcassets in Resources */,
				8A8AFA071F2D036D00F6C99F /* Main.storyboard in Resources */,
			);
			runOnlyForDeploymentPostprocessing = 0;
		};
		8A8AFA101F2D036D00F6C99F /* Resources */ = {
			isa = PBXResourcesBuildPhase;
			buildActionMask = 2147483647;
			files = (
			);
			runOnlyForDeploymentPostprocessing = 0;
		};
		8A8AFA1B1F2D036D00F6C99F /* Resources */ = {
			isa = PBXResourcesBuildPhase;
			buildActionMask = 2147483647;
			files = (
			);
			runOnlyForDeploymentPostprocessing = 0;
		};
/* End PBXResourcesBuildPhase section */

/* Begin PBXSourcesBuildPhase section */
		8A8AF9FA1F2D036D00F6C99F /* Sources */ = {
			isa = PBXSourcesBuildPhase;
			buildActionMask = 2147483647;
			files = (
				8A8AFA041F2D036D00F6C99F /* ViewController.swift in Sources */,
				8A8AFA021F2D036D00F6C99F /* AppDelegate.swift in Sources */,
			);
			runOnlyForDeploymentPostprocessing = 0;
		};
		8A8AFA0E1F2D036D00F6C99F /* Sources */ = {
			isa = PBXSourcesBuildPhase;
			buildActionMask = 2147483647;
			files = (
				8A8AFA171F2D036D00F6C99F /* Test_ImagesTests.swift in Sources */,
			);
			runOnlyForDeploymentPostprocessing = 0;
		};
		8A8AFA191F2D036D00F6C99F /* Sources */ = {
			isa = PBXSourcesBuildPhase;
			buildActionMask = 2147483647;
			files = (
				8A8AFA221F2D036D00F6C99F /* Test_ImagesUITests.swift in Sources */,
			);
			runOnlyForDeploymentPostprocessing = 0;
		};
/* End PBXSourcesBuildPhase section */

/* Begin PBXTargetDependency section */
		8A8AFA141F2D036D00F6C99F /* PBXTargetDependency */ = {
			isa = PBXTargetDependency;
			target = 8A8AF9FD1F2D036D00F6C99F /* Test-Images */;
			targetProxy = 8A8AFA131F2D036D00F6C99F /* PBXContainerItemProxy */;
		};
		8A8AFA1F1F2D036D00F6C99F /* PBXTargetDependency */ = {
			isa = PBXTargetDependency;
			target = 8A8AF9FD1F2D036D00F6C99F /* Test-Images */;
			targetProxy = 8A8AFA1E1F2D036D00F6C99F /* PBXContainerItemProxy */;
		};
/* End PBXTargetDependency section */

/* Begin PBXVariantGroup section */
		8A8AFA051F2D036D00F6C99F /* Main.storyboard */ = {
			isa = PBXVariantGroup;
			children = (
				8A8AFA061F2D036D00F6C99F /* Base */,
			);
			name = Main.storyboard;
			sourceTree = "<group>";
		};
		8A8AFA0A1F2D036D00F6C99F /* LaunchScreen.storyboard */ = {
			isa = PBXVariantGroup;
			children = (
				8A8AFA0B1F2D036D00F6C99F /* Base */,
			);
			name = LaunchScreen.storyboard;
			sourceTree = "<group>";
		};
/* End PBXVariantGroup section */

/* Begin XCBuildConfiguration section */
		8A8AFA241F2D036D00F6C99F /* Debug */ = {
			isa = XCBuildConfiguration;
			buildSettings = {
				ALWAYS_SEARCH_USER_PATHS = NO;
				CLANG_ANALYZER_NONNULL = YES;
				CLANG_ANALYZER_NUMBER_OBJECT_CONVERSION = YES_AGGRESSIVE;
				CLANG_CXX_LANGUAGE_STANDARD = "gnu++0x";
				CLANG_CXX_LIBRARY = "libc++";
				CLANG_ENABLE_MODULES = YES;
				CLANG_ENABLE_OBJC_ARC = YES;
				CLANG_WARN_BOOL_CONVERSION = YES;
				CLANG_WARN_CONSTANT_CONVERSION = YES;
				CLANG_WARN_DIRECT_OBJC_ISA_USAGE = YES_ERROR;
				CLANG_WARN_DOCUMENTATION_COMMENTS = YES;
				CLANG_WARN_EMPTY_BODY = YES;
				CLANG_WARN_ENUM_CONVERSION = YES;
				CLANG_WARN_INFINITE_RECURSION = YES;
				CLANG_WARN_INT_CONVERSION = YES;
				CLANG_WARN_OBJC_ROOT_CLASS = YES_ERROR;
				CLANG_WARN_SUSPICIOUS_MOVE = YES;
				CLANG_WARN_UNREACHABLE_CODE = YES;
				CLANG_WARN__DUPLICATE_METHOD_MATCH = YES;
				"CODE_SIGN_IDENTITY[sdk=iphoneos*]" = "iPhone Developer";
				COPY_PHASE_STRIP = NO;
				DEBUG_INFORMATION_FORMAT = dwarf;
				ENABLE_STRICT_OBJC_MSGSEND = YES;
				ENABLE_TESTABILITY = YES;
				GCC_C_LANGUAGE_STANDARD = gnu99;
				GCC_DYNAMIC_NO_PIC = NO;
				GCC_NO_COMMON_BLOCKS = YES;
				GCC_OPTIMIZATION_LEVEL = 0;
				GCC_PREPROCESSOR_DEFINITIONS = (
					"DEBUG=1",
					"$(inherited)",
				);
				GCC_WARN_64_TO_32_BIT_CONVERSION = YES;
				GCC_WARN_ABOUT_RETURN_TYPE = YES_ERROR;
				GCC_WARN_UNDECLARED_SELECTOR = YES;
				GCC_WARN_UNINITIALIZED_AUTOS = YES_AGGRESSIVE;
				GCC_WARN_UNUSED_FUNCTION = YES;
				GCC_WARN_UNUSED_VARIABLE = YES;
				IPHONEOS_DEPLOYMENT_TARGET = 10.3;
				MTL_ENABLE_DEBUG_INFO = YES;
				ONLY_ACTIVE_ARCH = YES;
				SDKROOT = iphoneos;
				SWIFT_ACTIVE_COMPILATION_CONDITIONS = DEBUG;
				SWIFT_OPTIMIZATION_LEVEL = "-Onone";
				TARGETED_DEVICE_FAMILY = "1,2";
			};
			name = Debug;
		};
		8A8AFA251F2D036D00F6C99F /* Release */ = {
			isa = XCBuildConfiguration;
			buildSettings = {
				ALWAYS_SEARCH_USER_PATHS = NO;
				CLANG_ANALYZER_NONNULL = YES;
				CLANG_ANALYZER_NUMBER_OBJECT_CONVERSION = YES_AGGRESSIVE;
				CLANG_CXX_LANGUAGE_STANDARD = "gnu++0x";
				CLANG_CXX_LIBRARY = "libc++";
				CLANG_ENABLE_MODULES = YES;
				CLANG_ENABLE_OBJC_ARC = YES;
				CLANG_WARN_BOOL_CONVERSION = YES;
				CLANG_WARN_CONSTANT_CONVERSION = YES;
				CLANG_WARN_DIRECT_OBJC_ISA_USAGE = YES_ERROR;
				CLANG_WARN_DOCUMENTATION_COMMENTS = YES;
				CLANG_WARN_EMPTY_BODY = YES;
				CLANG_WARN_ENUM_CONVERSION = YES;
				CLANG_WARN_INFINITE_RECURSION = YES;
				CLANG_WARN_INT_CONVERSION = YES;
				CLANG_WARN_OBJC_ROOT_CLASS = YES_ERROR;
				CLANG_WARN_SUSPICIOUS_MOVE = YES;
				CLANG_WARN_UNREACHABLE_CODE = YES;
				CLANG_WARN__DUPLICATE_METHOD_MATCH = YES;
				"CODE_SIGN_IDENTITY[sdk=iphoneos*]" = "iPhone Developer";
				COPY_PHASE_STRIP = NO;
				DEBUG_INFORMATION_FORMAT = "dwarf-with-dsym";
				ENABLE_NS_ASSERTIONS = NO;
				ENABLE_STRICT_OBJC_MSGSEND = YES;
				GCC_C_LANGUAGE_STANDARD = gnu99;
				GCC_NO_COMMON_BLOCKS = YES;
				GCC_WARN_64_TO_32_BIT_CONVERSION = YES;
				GCC_WARN_ABOUT_RETURN_TYPE = YES_ERROR;
				GCC_WARN_UNDECLARED_SELECTOR = YES;
				GCC_WARN_UNINITIALIZED_AUTOS = YES_AGGRESSIVE;
				GCC_WARN_UNUSED_FUNCTION = YES;
				GCC_WARN_UNUSED_VARIABLE = YES;
				IPHONEOS_DEPLOYMENT_TARGET = 10.3;
				MTL_ENABLE_DEBUG_INFO = NO;
				SDKROOT = iphoneos;
				SWIFT_OPTIMIZATION_LEVEL = "-Owholemodule";
				TARGETED_DEVICE_FAMILY = "1,2";
				VALIDATE_PRODUCT = YES;
			};
			name = Release;
		};
		8A8AFA271F2D036D00F6C99F /* Debug */ = {
			isa = XCBuildConfiguration;
			buildSettings = {
				ASSETCATALOG_COMPILER_APPICON_NAME = AppIcon;
				INFOPLIST_FILE = "Test-Images/Info.plist";
				LD_RUNPATH_SEARCH_PATHS = "$(inherited) @executable_path/Frameworks";
				PRODUCT_BUNDLE_IDENTIFIER = "com.asanchez.Test-Images";
				PRODUCT_NAME = "$(TARGET_NAME)";
				SWIFT_VERSION = 3.0;
			};
			name = Debug;
		};
		8A8AFA281F2D036D00F6C99F /* Release */ = {
			isa = XCBuildConfiguration;
			buildSettings = {
				ASSETCATALOG_COMPILER_APPICON_NAME = AppIcon;
				INFOPLIST_FILE = "Test-Images/Info.plist";
				LD_RUNPATH_SEARCH_PATHS = "$(inherited) @executable_path/Frameworks";
				PRODUCT_BUNDLE_IDENTIFIER = "com.asanchez.Test-Images";
				PRODUCT_NAME = "$(TARGET_NAME)";
				SWIFT_VERSION = 3.0;
			};
			name = Release;
		};
		8A8AFA2A1F2D036D00F6C99F /* Debug */ = {
			isa = XCBuildConfiguration;
			buildSettings = {
				ALWAYS_EMBED_SWIFT_STANDARD_LIBRARIES = YES;
				BUNDLE_LOADER = "$(TEST_HOST)";
				INFOPLIST_FILE = "Test-ImagesTests/Info.plist";
				LD_RUNPATH_SEARCH_PATHS = "$(inherited) @executable_path/Frameworks @loader_path/Frameworks";
				PRODUCT_BUNDLE_IDENTIFIER = "com.asanchez.Test-ImagesTests";
				PRODUCT_NAME = "$(TARGET_NAME)";
				SWIFT_VERSION = 3.0;
				TEST_HOST = "$(BUILT_PRODUCTS_DIR)/Test-Images.app/Test-Images";
			};
			name = Debug;
		};
		8A8AFA2B1F2D036D00F6C99F /* Release */ = {
			isa = XCBuildConfiguration;
			buildSettings = {
				ALWAYS_EMBED_SWIFT_STANDARD_LIBRARIES = YES;
				BUNDLE_LOADER = "$(TEST_HOST)";
				INFOPLIST_FILE = "Test-ImagesTests/Info.plist";
				LD_RUNPATH_SEARCH_PATHS = "$(inherited) @executable_path/Frameworks @loader_path/Frameworks";
				PRODUCT_BUNDLE_IDENTIFIER = "com.asanchez.Test-ImagesTests";
				PRODUCT_NAME = "$(TARGET_NAME)";
				SWIFT_VERSION = 3.0;
				TEST_HOST = "$(BUILT_PRODUCTS_DIR)/Test-Images.app/Test-Images";
			};
			name = Release;
		};
		8A8AFA2D1F2D036D00F6C99F /* Debug */ = {
			isa = XCBuildConfiguration;
			buildSettings = {
				ALWAYS_EMBED_SWIFT_STANDARD_LIBRARIES = YES;
				INFOPLIST_FILE = "Test-ImagesUITests/Info.plist";
				LD_RUNPATH_SEARCH_PATHS = "$(inherited) @executable_path/Frameworks @loader_path/Frameworks";
				PRODUCT_BUNDLE_IDENTIFIER = "com.asanchez.Test-ImagesUITests";
				PRODUCT_NAME = "$(TARGET_NAME)";
				SWIFT_VERSION = 3.0;
				TEST_TARGET_NAME = "Test-Images";
			};
			name = Debug;
		};
		8A8AFA2E1F2D036D00F6C99F /* Release */ = {
			isa = XCBuildConfiguration;
			buildSettings = {
				ALWAYS_EMBED_SWIFT_STANDARD_LIBRARIES = YES;
				INFOPLIST_FILE = "Test-ImagesUITests/Info.plist";
				LD_RUNPATH_SEARCH_PATHS = "$(inherited) @executable_path/Frameworks @loader_path/Frameworks";
				PRODUCT_BUNDLE_IDENTIFIER = "com.asanchez.Test-ImagesUITests";
				PRODUCT_NAME = "$(TARGET_NAME)";
				SWIFT_VERSION = 3.0;
				TEST_TARGET_NAME = "Test-Images";
			};
			name = Release;
		};
/* End XCBuildConfiguration section */

/* Begin XCConfigurationList section */
		8A8AF9F91F2D036D00F6C99F /* Build configuration list for PBXProject "Test-Images" */ = {
			isa = XCConfigurationList;
			buildConfigurations = (
				8A8AFA241F2D036D00F6C99F /* Debug */,
				8A8AFA251F2D036D00F6C99F /* Release */,
			);
			defaultConfigurationIsVisible = 0;
			defaultConfigurationName = Release;
		};
		8A8AFA261F2D036D00F6C99F /* Build configuration list for PBXNativeTarget "Test-Images" */ = {
			isa = XCConfigurationList;
			buildConfigurations = (
				8A8AFA271F2D036D00F6C99F /* Debug */,
				8A8AFA281F2D036D00F6C99F /* Release */,
			);
			defaultConfigurationIsVisible = 0;
		};
		8A8AFA291F2D036D00F6C99F /* Build configuration list for PBXNativeTarget "Test-ImagesTests" */ = {
			isa = XCConfigurationList;
			buildConfigurations = (
				8A8AFA2A1F2D036D00F6C99F /* Debug */,
				8A8AFA2B1F2D036D00F6C99F /* Release */,
			);
			defaultConfigurationIsVisible = 0;
		};
		8A8AFA2C1F2D036D00F6C99F /* Build configuration list for PBXNativeTarget "Test-ImagesUITests" */ = {
			isa = XCConfigurationList;
			buildConfigurations = (
				8A8AFA2D1F2D036D00F6C99F /* Debug */,
				8A8AFA2E1F2D036D00F6C99F /* Release */,
			);
			defaultConfigurationIsVisible = 0;
		};
/* End XCConfigurationList section */
	};
	rootObject = 8A8AF9F61F2D036D00F6C99F /* Project object */;
}
